
Microsoft Visual Studio Solution File, Format Version 12.00
# Visual Studio 14
VisualStudioVersion = 14.0.25420.1
MinimumVisualStudioVersion = 10.0.40219.1
Project("{8BC9CEB8-8B4A-11D0-8D11-00A0C91BC942}") = "glrotate", "glrotate\glrotate.vcxproj", "{C0A6E90D-615F-4F1F-B4D2-0DF988C4BAD5}"
	ProjectSection(ProjectDependencies) = postProject
		{15224FB4-1E37-445C-A9B2-F2EFAB56859E} = {15224FB4-1E37-445C-A9B2-F2EFAB56859E}
	EndProjectSection
EndProject
Project("{8BC9CEB8-8B4A-11D0-8D11-00A0C91BC942}") = "libcore", "libcore\libcore.vcxproj", "{15224FB4-1E37-445C-A9B2-F2EFAB56859E}"
EndProject
Project("{2150E333-8FDC-42A3-9474-1A3956D46DE8}") = "include", "include", "{4F6F4C9E-D789-4884-B1E4-82FDFC660DC4}"
	ProjectSection(SolutionItems) = preProject
		include\libcamera.h = include\libcamera.h
		include\libcontextbase.h = include\libcontextbase.h
		include\libcore.h = include\libcore.h
		include\sdktrace.h = include\sdktrace.h
	EndProjectSection
EndProject
Global
	GlobalSection(SolutionConfigurationPlatforms) = preSolution
		Debug|x64 = Debug|x64
		Debug|x86 = Debug|x86
		Release|x64 = Release|x64
		Release|x86 = Release|x86
	EndGlobalSection
	GlobalSection(ProjectConfigurationPlatforms) = postSolution
		{C0A6E90D-615F-4F1F-B4D2-0DF988C4BAD5}.Debug|x64.ActiveCfg = Debug|x64
		{C0A6E90D-615F-4F1F-B4D2-0DF988C4BAD5}.Debug|x64.Build.0 = Debug|x64
		{C0A6E90D-615F-4F1F-B4D2-0DF988C4BAD5}.Debug|x86.ActiveCfg = Debug|Win32
		{C0A6E90D-615F-4F1F-B4D2-0DF988C4BAD5}.Debug|x86.Build.0 = Debug|Win32
		{C0A6E90D-615F-4F1F-B4D2-0DF988C4BAD5}.Release|x64.ActiveCfg = Release|x64
		{C0A6E90D-615F-4F1F-B4D2-0DF988C4BAD5}.Release|x64.Build.0 = Release|x64
		{C0A6E90D-615F-4F1F-B4D2-0DF988C4BAD5}.Release|x86.ActiveCfg = Release|Win32
		{C0A6E90D-615F-4F1F-B4D2-0DF988C4BAD5}.Release|x86.Build.0 = Release|Win32
		{15224FB4-1E37-445C-A9B2-F2EFAB56859E}.Debug|x64.ActiveCfg = Debug|x64
		{15224FB4-1E37-445C-A9B2-F2EFAB56859E}.Debug|x64.Build.0 = Debug|x64
		{15224FB4-1E37-445C-A9B2-F2EFAB56859E}.Debug|x86.ActiveCfg = Debug|Win32
		{15224FB4-1E37-445C-A9B2-F2EFAB56859E}.Debug|x86.Build.0 = Debug|Win32
		{15224FB4-1E37-445C-A9B2-F2EFAB56859E}.Release|x64.ActiveCfg = Release|x64
		{15224FB4-1E37-445C-A9B2-F2EFAB56859E}.Release|x64.Build.0 = Release|x64
		{15224FB4-1E37-445C-A9B2-F2EFAB56859E}.Release|x86.ActiveCfg = Release|Win32
		{15224FB4-1E37-445C-A9B2-F2EFAB56859E}.Release|x86.Build.0 = Release|Win32
	EndGlobalSection
	GlobalSection(SolutionProperties) = preSolution
		HideSolutionNode = FALSE
	EndGlobalSection
EndGlobal
